
Microsoft Visual Studio Solution File, Format Version 12.00
# Visual Studio Express 2012 for Web
Project("{FAE04EC0-301F-11D3-BF4B-00C04F79EFBC}") = "AspNetMvc4Sample-Net45", "AspNetMvc4Sample-Net45\AspNetMvc4Sample-Net45.csproj", "{B1CE1348-CE70-4630-9824-121D3FF639AD}"
EndProject
Global
	GlobalSection(SolutionConfigurationPlatforms) = preSolution
		Debug|Any CPU = Debug|Any CPU
		Release|Any CPU = Release|Any CPU
	EndGlobalSection
	GlobalSection(ProjectConfigurationPlatforms) = postSolution
		{B1CE1348-CE70-4630-9824-121D3FF639AD}.Debug|Any CPU.ActiveCfg = Debug|Any CPU
		{B1CE1348-CE70-4630-9824-121D3FF639AD}.Debug|Any CPU.Build.0 = Debug|Any CPU
		{B1CE1348-CE70-4630-9824-121D3FF639AD}.Release|Any CPU.ActiveCfg = Release|Any CPU
		{B1CE1348-CE70-4630-9824-121D3FF639AD}.Release|Any CPU.Build.0 = Release|Any CPU
	EndGlobalSection
	GlobalSection(SolutionProperties) = preSolution
		HideSolutionNode = FALSE
	EndGlobalSection
EndGlobal
